// !$*UTF8*$!
{
	archiveVersion = 1;
	classes = {
	};
	objectVersion = 46;
	objects = {

/* Begin PBXBuildFile section */
		5669AA8E15B61F9B009F17A0 /* Foundation.framework in Frameworks */ = {isa = PBXBuildFile; fileRef = 5669AA8D15B61F9B009F17A0 /* Foundation.framework */; };
		5669AA9015B61F9B009F17A0 /* UIKit.framework in Frameworks */ = {isa = PBXBuildFile; fileRef = 5669AA8F15B61F9B009F17A0 /* UIKit.framework */; };
		5669AA9215B61F9B009F17A0 /* CoreGraphics.framework in Frameworks */ = {isa = PBXBuildFile; fileRef = 5669AA9115B61F9B009F17A0 /* CoreGraphics.framework */; };
		5669AA9415B61F9B009F17A0 /* AddressBook.framework in Frameworks */ = {isa = PBXBuildFile; fileRef = 5669AA9315B61F9B009F17A0 /* AddressBook.framework */; };
		5669AA9615B61F9B009F17A0 /* AddressBookUI.framework in Frameworks */ = {isa = PBXBuildFile; fileRef = 5669AA9515B61F9B009F17A0 /* AddressBookUI.framework */; };
		5669AA9815B61F9B009F17A0 /* AudioToolbox.framework in Frameworks */ = {isa = PBXBuildFile; fileRef = 5669AA9715B61F9B009F17A0 /* AudioToolbox.framework */; };
		5669AA9A15B61F9B009F17A0 /* AVFoundation.framework in Frameworks */ = {isa = PBXBuildFile; fileRef = 5669AA9915B61F9B009F17A0 /* AVFoundation.framework */; };
		5669AA9C15B61F9B009F17A0 /* CoreLocation.framework in Frameworks */ = {isa = PBXBuildFile; fileRef = 5669AA9B15B61F9B009F17A0 /* CoreLocation.framework */; };
		5669AA9E15B61F9B009F17A0 /* MediaPlayer.framework in Frameworks */ = {isa = PBXBuildFile; fileRef = 5669AA9D15B61F9B009F17A0 /* MediaPlayer.framework */; };
		5669AAA015B61F9B009F17A0 /* QuartzCore.framework in Frameworks */ = {isa = PBXBuildFile; fileRef = 5669AA9F15B61F9B009F17A0 /* QuartzCore.framework */; };
		5669AAA215B61F9B009F17A0 /* SystemConfiguration.framework in Frameworks */ = {isa = PBXBuildFile; fileRef = 5669AAA115B61F9B009F17A0 /* SystemConfiguration.framework */; };
		5669AAA415B61F9B009F17A0 /* MobileCoreServices.framework in Frameworks */ = {isa = PBXBuildFile; fileRef = 5669AAA315B61F9B009F17A0 /* MobileCoreServices.framework */; };
		5669AAA615B61F9B009F17A0 /* CoreMedia.framework in Frameworks */ = {isa = PBXBuildFile; fileRef = 5669AAA515B61F9B009F17A0 /* CoreMedia.framework */; };
		5669AAAC15B61F9B009F17A0 /* InfoPlist.strings in Resources */ = {isa = PBXBuildFile; fileRef = 5669AAAA15B61F9B009F17A0 /* InfoPlist.strings */; };
		5669AAAE15B61F9B009F17A0 /* main.m in Sources */ = {isa = PBXBuildFile; fileRef = 5669AAAD15B61F9B009F17A0 /* main.m */; };
		5669AAB115B61F9B009F17A0 /* Cordova.framework in Frameworks */ = {isa = PBXBuildFile; fileRef = 5669AAB015B61F9B009F17A0 /* Cordova.framework */; };
		5669AAB615B61F9B009F17A0 /* Localizable.strings in Resources */ = {isa = PBXBuildFile; fileRef = 5669AAB415B61F9B009F17A0 /* Localizable.strings */; };
		5669AABA15B61F9B009F17A0 /* Localizable.strings in Resources */ = {isa = PBXBuildFile; fileRef = 5669AAB815B61F9B009F17A0 /* Localizable.strings */; };
		5669AABE15B61F9B009F17A0 /* Localizable.strings in Resources */ = {isa = PBXBuildFile; fileRef = 5669AABC15B61F9B009F17A0 /* Localizable.strings */; };
		5669AAC215B61F9B009F17A0 /* Localizable.strings in Resources */ = {isa = PBXBuildFile; fileRef = 5669AAC015B61F9B009F17A0 /* Localizable.strings */; };
		5669AAC515B61F9B009F17A0 /* icon.png in Resources */ = {isa = PBXBuildFile; fileRef = 5669AAC415B61F9B009F17A0 /* icon.png */; };
		5669AAC715B61F9B009F17A0 /* icon@2x.png in Resources */ = {isa = PBXBuildFile; fileRef = 5669AAC615B61F9B009F17A0 /* icon@2x.png */; };
		5669AAC915B61F9B009F17A0 /* icon-72.png in Resources */ = {isa = PBXBuildFile; fileRef = 5669AAC815B61F9B009F17A0 /* icon-72.png */; };
		5669AACC15B61F9B009F17A0 /* Default~iphone.png in Resources */ = {isa = PBXBuildFile; fileRef = 5669AACB15B61F9B009F17A0 /* Default~iphone.png */; };
		5669AACE15B61F9B009F17A0 /* Default@2x~iphone.png in Resources */ = {isa = PBXBuildFile; fileRef = 5669AACD15B61F9B009F17A0 /* Default@2x~iphone.png */; };
		5669AAD015B61F9C009F17A0 /* Capture.bundle in Resources */ = {isa = PBXBuildFile; fileRef = 5669AACF15B61F9C009F17A0 /* Capture.bundle */; };
		5669AAD215B61F9C009F17A0 /* Cordova.plist in Resources */ = {isa = PBXBuildFile; fileRef = 5669AAD115B61F9C009F17A0 /* Cordova.plist */; };
		5669AAD615B61F9C009F17A0 /* AppDelegate.m in Sources */ = {isa = PBXBuildFile; fileRef = 5669AAD515B61F9C009F17A0 /* AppDelegate.m */; };
		5669AAD915B61F9C009F17A0 /* MainViewController.m in Sources */ = {isa = PBXBuildFile; fileRef = 5669AAD815B61F9C009F17A0 /* MainViewController.m */; };
		5669AADB15B61F9C009F17A0 /* MainViewController.xib in Resources */ = {isa = PBXBuildFile; fileRef = 5669AADA15B61F9C009F17A0 /* MainViewController.xib */; };
		5669AAE515B6231E009F17A0 /* www in Resources */ = {isa = PBXBuildFile; fileRef = 5669AAE415B6231E009F17A0 /* www */; };
/* End PBXBuildFile section */

/* Begin PBXFileReference section */
		5669AA8915B61F9B009F17A0 /* news-headlines.app */ = {isa = PBXFileReference; explicitFileType = wrapper.application; includeInIndex = 0; path = "news-headlines.app"; sourceTree = BUILT_PRODUCTS_DIR; };
		5669AA8D15B61F9B009F17A0 /* Foundation.framework */ = {isa = PBXFileReference; lastKnownFileType = wrapper.framework; name = Foundation.framework; path = System/Library/Frameworks/Foundation.framework; sourceTree = SDKROOT; };
		5669AA8F15B61F9B009F17A0 /* UIKit.framework */ = {isa = PBXFileReference; lastKnownFileType = wrapper.framework; name = UIKit.framework; path = System/Library/Frameworks/UIKit.framework; sourceTree = SDKROOT; };
		5669AA9115B61F9B009F17A0 /* CoreGraphics.framework */ = {isa = PBXFileReference; lastKnownFileType = wrapper.framework; name = CoreGraphics.framework; path = System/Library/Frameworks/CoreGraphics.framework; sourceTree = SDKROOT; };
		5669AA9315B61F9B009F17A0 /* AddressBook.framework */ = {isa = PBXFileReference; lastKnownFileType = wrapper.framework; name = AddressBook.framework; path = System/Library/Frameworks/AddressBook.framework; sourceTree = SDKROOT; };
		5669AA9515B61F9B009F17A0 /* AddressBookUI.framework */ = {isa = PBXFileReference; lastKnownFileType = wrapper.framework; name = AddressBookUI.framework; path = System/Library/Frameworks/AddressBookUI.framework; sourceTree = SDKROOT; };
		5669AA9715B61F9B009F17A0 /* AudioToolbox.framework */ = {isa = PBXFileReference; lastKnownFileType = wrapper.framework; name = AudioToolbox.framework; path = System/Library/Frameworks/AudioToolbox.framework; sourceTree = SDKROOT; };
		5669AA9915B61F9B009F17A0 /* AVFoundation.framework */ = {isa = PBXFileReference; lastKnownFileType = wrapper.framework; name = AVFoundation.framework; path = System/Library/Frameworks/AVFoundation.framework; sourceTree = SDKROOT; };
		5669AA9B15B61F9B009F17A0 /* CoreLocation.framework */ = {isa = PBXFileReference; lastKnownFileType = wrapper.framework; name = CoreLocation.framework; path = System/Library/Frameworks/CoreLocation.framework; sourceTree = SDKROOT; };
		5669AA9D15B61F9B009F17A0 /* MediaPlayer.framework */ = {isa = PBXFileReference; lastKnownFileType = wrapper.framework; name = MediaPlayer.framework; path = System/Library/Frameworks/MediaPlayer.framework; sourceTree = SDKROOT; };
		5669AA9F15B61F9B009F17A0 /* QuartzCore.framework */ = {isa = PBXFileReference; lastKnownFileType = wrapper.framework; name = QuartzCore.framework; path = System/Library/Frameworks/QuartzCore.framework; sourceTree = SDKROOT; };
		5669AAA115B61F9B009F17A0 /* SystemConfiguration.framework */ = {isa = PBXFileReference; lastKnownFileType = wrapper.framework; name = SystemConfiguration.framework; path = System/Library/Frameworks/SystemConfiguration.framework; sourceTree = SDKROOT; };
		5669AAA315B61F9B009F17A0 /* MobileCoreServices.framework */ = {isa = PBXFileReference; lastKnownFileType = wrapper.framework; name = MobileCoreServices.framework; path = System/Library/Frameworks/MobileCoreServices.framework; sourceTree = SDKROOT; };
		5669AAA515B61F9B009F17A0 /* CoreMedia.framework */ = {isa = PBXFileReference; lastKnownFileType = wrapper.framework; name = CoreMedia.framework; path = System/Library/Frameworks/CoreMedia.framework; sourceTree = SDKROOT; };
		5669AAA915B61F9B009F17A0 /* news-headlines-Info.plist */ = {isa = PBXFileReference; lastKnownFileType = text.plist.xml; path = "news-headlines-Info.plist"; sourceTree = "<group>"; };
		5669AAAB15B61F9B009F17A0 /* en */ = {isa = PBXFileReference; lastKnownFileType = text.plist.strings; name = en; path = en.lproj/InfoPlist.strings; sourceTree = "<group>"; };
		5669AAAD15B61F9B009F17A0 /* main.m */ = {isa = PBXFileReference; lastKnownFileType = sourcecode.c.objc; path = main.m; sourceTree = "<group>"; };
		5669AAAF15B61F9B009F17A0 /* news-headlines-Prefix.pch */ = {isa = PBXFileReference; lastKnownFileType = sourcecode.c.h; path = "news-headlines-Prefix.pch"; sourceTree = "<group>"; };
		5669AAB015B61F9B009F17A0 /* Cordova.framework */ = {isa = PBXFileReference; lastKnownFileType = wrapper.framework; name = Cordova.framework; path = /Users/Shared/Cordova/Frameworks/Cordova.framework; sourceTree = "<absolute>"; };
		5669AAB515B61F9B009F17A0 /* en */ = {isa = PBXFileReference; lastKnownFileType = text.plist.strings; name = en; path = Resources/en.lproj/Localizable.strings; sourceTree = "<group>"; };
		5669AAB915B61F9B009F17A0 /* es */ = {isa = PBXFileReference; lastKnownFileType = text.plist.strings; name = es; path = Resources/es.lproj/Localizable.strings; sourceTree = "<group>"; };
		5669AABD15B61F9B009F17A0 /* de */ = {isa = PBXFileReference; lastKnownFileType = text.plist.strings; name = de; path = Resources/de.lproj/Localizable.strings; sourceTree = "<group>"; };
		5669AAC115B61F9B009F17A0 /* se */ = {isa = PBXFileReference; lastKnownFileType = text.plist.strings; name = se; path = Resources/se.lproj/Localizable.strings; sourceTree = "<group>"; };
		5669AAC415B61F9B009F17A0 /* icon.png */ = {isa = PBXFileReference; lastKnownFileType = image.png; name = icon.png; path = Resources/icons/icon.png; sourceTree = "<group>"; };
		5669AAC615B61F9B009F17A0 /* icon@2x.png */ = {isa = PBXFileReference; lastKnownFileType = image.png; name = "icon@2x.png"; path = "Resources/icons/icon@2x.png"; sourceTree = "<group>"; };
		5669AAC815B61F9B009F17A0 /* icon-72.png */ = {isa = PBXFileReference; lastKnownFileType = image.png; name = "icon-72.png"; path = "Resources/icons/icon-72.png"; sourceTree = "<group>"; };
		5669AACB15B61F9B009F17A0 /* Default~iphone.png */ = {isa = PBXFileReference; lastKnownFileType = image.png; name = "Default~iphone.png"; path = "Resources/splash/Default~iphone.png"; sourceTree = "<group>"; };
		5669AACD15B61F9B009F17A0 /* Default@2x~iphone.png */ = {isa = PBXFileReference; lastKnownFileType = image.png; name = "Default@2x~iphone.png"; path = "Resources/splash/Default@2x~iphone.png"; sourceTree = "<group>"; };
		5669AACF15B61F9C009F17A0 /* Capture.bundle */ = {isa = PBXFileReference; lastKnownFileType = "wrapper.plug-in"; name = Capture.bundle; path = Resources/Capture.bundle; sourceTree = "<group>"; };
		5669AAD115B61F9C009F17A0 /* Cordova.plist */ = {isa = PBXFileReference; lastKnownFileType = text.plist.xml; path = Cordova.plist; sourceTree = "<group>"; };
		5669AAD415B61F9C009F17A0 /* AppDelegate.h */ = {isa = PBXFileReference; lastKnownFileType = sourcecode.c.h; name = AppDelegate.h; path = Classes/AppDelegate.h; sourceTree = "<group>"; };
		5669AAD515B61F9C009F17A0 /* AppDelegate.m */ = {isa = PBXFileReference; lastKnownFileType = sourcecode.c.objc; name = AppDelegate.m; path = Classes/AppDelegate.m; sourceTree = "<group>"; };
		5669AAD715B61F9C009F17A0 /* MainViewController.h */ = {isa = PBXFileReference; lastKnownFileType = sourcecode.c.h; name = MainViewController.h; path = Classes/MainViewController.h; sourceTree = "<group>"; };
		5669AAD815B61F9C009F17A0 /* MainViewController.m */ = {isa = PBXFileReference; lastKnownFileType = sourcecode.c.objc; name = MainViewController.m; path = Classes/MainViewController.m; sourceTree = "<group>"; };
		5669AADA15B61F9C009F17A0 /* MainViewController.xib */ = {isa = PBXFileReference; lastKnownFileType = file.xib; name = MainViewController.xib; path = Classes/MainViewController.xib; sourceTree = "<group>"; };
		5669AADD15B61F9C009F17A0 /* README */ = {isa = PBXFileReference; lastKnownFileType = text; name = README; path = Plugins/README; sourceTree = "<group>"; };
		5669AADE15B61F9C009F17A0 /* verify.sh */ = {isa = PBXFileReference; lastKnownFileType = text.script.sh; path = verify.sh; sourceTree = "<group>"; };
		5669AAE415B6231E009F17A0 /* www */ = {isa = PBXFileReference; lastKnownFileType = folder; path = www; sourceTree = "<group>"; };
/* End PBXFileReference section */

/* Begin PBXFrameworksBuildPhase section */
		5669AA8315B61F9B009F17A0 /* Frameworks */ = {
			isa = PBXFrameworksBuildPhase;
			buildActionMask = 2147483647;
			files = (
				5669AA8E15B61F9B009F17A0 /* Foundation.framework in Frameworks */,
				5669AA9015B61F9B009F17A0 /* UIKit.framework in Frameworks */,
				5669AA9215B61F9B009F17A0 /* CoreGraphics.framework in Frameworks */,
				5669AA9415B61F9B009F17A0 /* AddressBook.framework in Frameworks */,
				5669AA9615B61F9B009F17A0 /* AddressBookUI.framework in Frameworks */,
				5669AA9815B61F9B009F17A0 /* AudioToolbox.framework in Frameworks */,
				5669AA9A15B61F9B009F17A0 /* AVFoundation.framework in Frameworks */,
				5669AA9C15B61F9B009F17A0 /* CoreLocation.framework in Frameworks */,
				5669AA9E15B61F9B009F17A0 /* MediaPlayer.framework in Frameworks */,
				5669AAA015B61F9B009F17A0 /* QuartzCore.framework in Frameworks */,
				5669AAA215B61F9B009F17A0 /* SystemConfiguration.framework in Frameworks */,
				5669AAA415B61F9B009F17A0 /* MobileCoreServices.framework in Frameworks */,
				5669AAA615B61F9B009F17A0 /* CoreMedia.framework in Frameworks */,
				5669AAB115B61F9B009F17A0 /* Cordova.framework in Frameworks */,
			);
			runOnlyForDeploymentPostprocessing = 0;
		};
		5669AA8615B61F9B009F17A0 /* Frameworks */ = {
			isa = PBXFrameworksBuildPhase;
			buildActionMask = 2147483647;
			files = (
			);
			runOnlyForDeploymentPostprocessing = 0;
		};
/* End PBXFrameworksBuildPhase section */

/* Begin PBXGroup section */
		5669AA7B15B61F9B009F17A0 = {
			isa = PBXGroup;
			children = (
				5669AAE415B6231E009F17A0 /* www */,
				5669AAA715B61F9B009F17A0 /* news-headlines */,
				5669AA8C15B61F9B009F17A0 /* Frameworks */,
				5669AA8A15B61F9B009F17A0 /* Products */,
			);
			sourceTree = "<group>";
		};
		5669AA8A15B61F9B009F17A0 /* Products */ = {
			isa = PBXGroup;
			children = (
				5669AA8915B61F9B009F17A0 /* news-headlines.app */,
			);
			name = Products;
			sourceTree = "<group>";
		};
		5669AA8C15B61F9B009F17A0 /* Frameworks */ = {
			isa = PBXGroup;
			children = (
				5669AA8D15B61F9B009F17A0 /* Foundation.framework */,
				5669AA8F15B61F9B009F17A0 /* UIKit.framework */,
				5669AA9115B61F9B009F17A0 /* CoreGraphics.framework */,
				5669AA9315B61F9B009F17A0 /* AddressBook.framework */,
				5669AA9515B61F9B009F17A0 /* AddressBookUI.framework */,
				5669AA9715B61F9B009F17A0 /* AudioToolbox.framework */,
				5669AA9915B61F9B009F17A0 /* AVFoundation.framework */,
				5669AA9B15B61F9B009F17A0 /* CoreLocation.framework */,
				5669AA9D15B61F9B009F17A0 /* MediaPlayer.framework */,
				5669AA9F15B61F9B009F17A0 /* QuartzCore.framework */,
				5669AAA115B61F9B009F17A0 /* SystemConfiguration.framework */,
				5669AAA315B61F9B009F17A0 /* MobileCoreServices.framework */,
				5669AAA515B61F9B009F17A0 /* CoreMedia.framework */,
			);
			name = Frameworks;
			sourceTree = "<group>";
		};
		5669AAA715B61F9B009F17A0 /* news-headlines */ = {
			isa = PBXGroup;
			children = (
				5669AAB015B61F9B009F17A0 /* Cordova.framework */,
				5669AAB215B61F9B009F17A0 /* Resources */,
				5669AAD315B61F9C009F17A0 /* Classes */,
				5669AADC15B61F9C009F17A0 /* Plugins */,
				5669AAA815B61F9B009F17A0 /* Supporting Files */,
			);
			path = "news-headlines";
			sourceTree = "<group>";
		};
		5669AAA815B61F9B009F17A0 /* Supporting Files */ = {
			isa = PBXGroup;
			children = (
				5669AAA915B61F9B009F17A0 /* news-headlines-Info.plist */,
				5669AAAA15B61F9B009F17A0 /* InfoPlist.strings */,
				5669AAAD15B61F9B009F17A0 /* main.m */,
				5669AAAF15B61F9B009F17A0 /* news-headlines-Prefix.pch */,
				5669AAD115B61F9C009F17A0 /* Cordova.plist */,
				5669AADA15B61F9C009F17A0 /* MainViewController.xib */,
				5669AADE15B61F9C009F17A0 /* verify.sh */,
			);
			name = "Supporting Files";
			sourceTree = "<group>";
		};
		5669AAB215B61F9B009F17A0 /* Resources */ = {
			isa = PBXGroup;
			children = (
				5669AACF15B61F9C009F17A0 /* Capture.bundle */,
				5669AAB315B61F9B009F17A0 /* en.lproj */,
				5669AAB715B61F9B009F17A0 /* es.lproj */,
				5669AABB15B61F9B009F17A0 /* de.lproj */,
				5669AABF15B61F9B009F17A0 /* se.lproj */,
				5669AAC315B61F9B009F17A0 /* icons */,
				5669AACA15B61F9B009F17A0 /* splash */,
			);
			name = Resources;
			sourceTree = "<group>";
		};
		5669AAB315B61F9B009F17A0 /* en.lproj */ = {
			isa = PBXGroup;
			children = (
				5669AAB415B61F9B009F17A0 /* Localizable.strings */,
			);
			name = en.lproj;
			sourceTree = "<group>";
		};
		5669AAB715B61F9B009F17A0 /* es.lproj */ = {
			isa = PBXGroup;
			children = (
				5669AAB815B61F9B009F17A0 /* Localizable.strings */,
			);
			name = es.lproj;
			sourceTree = "<group>";
		};
		5669AABB15B61F9B009F17A0 /* de.lproj */ = {
			isa = PBXGroup;
			children = (
				5669AABC15B61F9B009F17A0 /* Localizable.strings */,
			);
			name = de.lproj;
			sourceTree = "<group>";
		};
		5669AABF15B61F9B009F17A0 /* se.lproj */ = {
			isa = PBXGroup;
			children = (
				5669AAC015B61F9B009F17A0 /* Localizable.strings */,
			);
			name = se.lproj;
			sourceTree = "<group>";
		};
		5669AAC315B61F9B009F17A0 /* icons */ = {
			isa = PBXGroup;
			children = (
				5669AAC415B61F9B009F17A0 /* icon.png */,
				5669AAC615B61F9B009F17A0 /* icon@2x.png */,
				5669AAC815B61F9B009F17A0 /* icon-72.png */,
			);
			name = icons;
			sourceTree = "<group>";
		};
		5669AACA15B61F9B009F17A0 /* splash */ = {
			isa = PBXGroup;
			children = (
				5669AACB15B61F9B009F17A0 /* Default~iphone.png */,
				5669AACD15B61F9B009F17A0 /* Default@2x~iphone.png */,
			);
			name = splash;
			sourceTree = "<group>";
		};
		5669AAD315B61F9C009F17A0 /* Classes */ = {
			isa = PBXGroup;
			children = (
				5669AAD415B61F9C009F17A0 /* AppDelegate.h */,
				5669AAD515B61F9C009F17A0 /* AppDelegate.m */,
				5669AAD715B61F9C009F17A0 /* MainViewController.h */,
				5669AAD815B61F9C009F17A0 /* MainViewController.m */,
			);
			name = Classes;
			sourceTree = "<group>";
		};
		5669AADC15B61F9C009F17A0 /* Plugins */ = {
			isa = PBXGroup;
			children = (
				5669AADD15B61F9C009F17A0 /* README */,
			);
			name = Plugins;
			sourceTree = "<group>";
		};
/* End PBXGroup section */

/* Begin PBXNativeTarget section */
		5669AA8815B61F9B009F17A0 /* news-headlines */ = {
			isa = PBXNativeTarget;
			buildConfigurationList = 5669AAE115B61F9C009F17A0 /* Build configuration list for PBXNativeTarget "news-headlines" */;
			buildPhases = (
				5669AA8215B61F9B009F17A0 /* Sources */,
				5669AA8315B61F9B009F17A0 /* Frameworks */,
				5669AA8415B61F9B009F17A0 /* Resources */,
				5669AA8515B61F9B009F17A0 /* Sources */,
				5669AA8615B61F9B009F17A0 /* Frameworks */,
				5669AA8715B61F9B009F17A0 /* ShellScript */,
			);
			buildRules = (
			);
			dependencies = (
			);
			name = "news-headlines";
			productName = "news-headlines";
			productReference = 5669AA8915B61F9B009F17A0 /* news-headlines.app */;
			productType = "com.apple.product-type.application";
		};
/* End PBXNativeTarget section */

/* Begin PBXProject section */
		5669AA7D15B61F9B009F17A0 /* Project object */ = {
			isa = PBXProject;
			attributes = {
				LastUpgradeCheck = 0420;
				ORGANIZATIONNAME = "Yahoo Inc";
			};
			buildConfigurationList = 5669AA8015B61F9B009F17A0 /* Build configuration list for PBXProject "news-headlines" */;
			compatibilityVersion = "Xcode 3.2";
			developmentRegion = English;
			hasScannedForEncodings = 0;
			knownRegions = (
				en,
				es,
				de,
				se,
			);
			mainGroup = 5669AA7B15B61F9B009F17A0;
			productRefGroup = 5669AA8A15B61F9B009F17A0 /* Products */;
			projectDirPath = "";
			projectRoot = "";
			targets = (
				5669AA8815B61F9B009F17A0 /* news-headlines */,
			);
		};
/* End PBXProject section */

/* Begin PBXResourcesBuildPhase section */
		5669AA8415B61F9B009F17A0 /* Resources */ = {
			isa = PBXResourcesBuildPhase;
			buildActionMask = 2147483647;
			files = (
				5669AAAC15B61F9B009F17A0 /* InfoPlist.strings in Resources */,
				5669AAB615B61F9B009F17A0 /* Localizable.strings in Resources */,
				5669AABA15B61F9B009F17A0 /* Localizable.strings in Resources */,
				5669AABE15B61F9B009F17A0 /* Localizable.strings in Resources */,
				5669AAC215B61F9B009F17A0 /* Localizable.strings in Resources */,
				5669AAC515B61F9B009F17A0 /* icon.png in Resources */,
				5669AAC715B61F9B009F17A0 /* icon@2x.png in Resources */,
				5669AAC915B61F9B009F17A0 /* icon-72.png in Resources */,
				5669AACC15B61F9B009F17A0 /* Default~iphone.png in Resources */,
				5669AACE15B61F9B009F17A0 /* Default@2x~iphone.png in Resources */,
				5669AAD015B61F9C009F17A0 /* Capture.bundle in Resources */,
				5669AAD215B61F9C009F17A0 /* Cordova.plist in Resources */,
				5669AADB15B61F9C009F17A0 /* MainViewController.xib in Resources */,
				5669AAE515B6231E009F17A0 /* www in Resources */,
			);
			runOnlyForDeploymentPostprocessing = 0;
		};
/* End PBXResourcesBuildPhase section */

/* Begin PBXShellScriptBuildPhase section */
		5669AA8715B61F9B009F17A0 /* ShellScript */ = {
			isa = PBXShellScriptBuildPhase;
			buildActionMask = 2147483647;
			files = (
			);
			inputPaths = (
			);
			outputPaths = (
			);
			runOnlyForDeploymentPostprocessing = 0;
			shellPath = /bin/bash;
			shellScript = "\n\t\t\t\t\t\t\t\tchmod 755 \"$PROJECT_DIR/$PROJECT_NAME/verify.sh\"\n\t\t\t\t\t\t\t\t\"$PROJECT_DIR/$PROJECT_NAME/verify.sh\"\n\t\t\t\t\t";
		};
/* End PBXShellScriptBuildPhase section */

/* Begin PBXSourcesBuildPhase section */
		5669AA8215B61F9B009F17A0 /* Sources */ = {
			isa = PBXSourcesBuildPhase;
			buildActionMask = 2147483647;
			files = (
				5669AAAE15B61F9B009F17A0 /* main.m in Sources */,
				5669AAD615B61F9C009F17A0 /* AppDelegate.m in Sources */,
				5669AAD915B61F9C009F17A0 /* MainViewController.m in Sources */,
			);
			runOnlyForDeploymentPostprocessing = 0;
		};
		5669AA8515B61F9B009F17A0 /* Sources */ = {
			isa = PBXSourcesBuildPhase;
			buildActionMask = 2147483647;
			files = (
			);
			runOnlyForDeploymentPostprocessing = 0;
		};
/* End PBXSourcesBuildPhase section */

/* Begin PBXVariantGroup section */
		5669AAAA15B61F9B009F17A0 /* InfoPlist.strings */ = {
			isa = PBXVariantGroup;
			children = (
				5669AAAB15B61F9B009F17A0 /* en */,
			);
			name = InfoPlist.strings;
			sourceTree = "<group>";
		};
		5669AAB415B61F9B009F17A0 /* Localizable.strings */ = {
			isa = PBXVariantGroup;
			children = (
				5669AAB515B61F9B009F17A0 /* en */,
			);
			name = Localizable.strings;
			sourceTree = "<group>";
		};
		5669AAB815B61F9B009F17A0 /* Localizable.strings */ = {
			isa = PBXVariantGroup;
			children = (
				5669AAB915B61F9B009F17A0 /* es */,
			);
			name = Localizable.strings;
			sourceTree = "<group>";
		};
		5669AABC15B61F9B009F17A0 /* Localizable.strings */ = {
			isa = PBXVariantGroup;
			children = (
				5669AABD15B61F9B009F17A0 /* de */,
			);
			name = Localizable.strings;
			sourceTree = "<group>";
		};
		5669AAC015B61F9B009F17A0 /* Localizable.strings */ = {
			isa = PBXVariantGroup;
			children = (
				5669AAC115B61F9B009F17A0 /* se */,
			);
			name = Localizable.strings;
			sourceTree = "<group>";
		};
/* End PBXVariantGroup section */

/* Begin XCBuildConfiguration section */
		5669AADF15B61F9C009F17A0 /* Debug */ = {
			isa = XCBuildConfiguration;
			buildSettings = {
				ALWAYS_SEARCH_USER_PATHS = NO;
				ARCHS = (
					armv6,
					"$(ARCHS_STANDARD_32_BIT)",
				);
				"CODE_SIGN_IDENTITY[sdk=iphoneos*]" = "iPhone Developer";
				COPY_PHASE_STRIP = NO;
				GCC_C_LANGUAGE_STANDARD = gnu99;
				GCC_DYNAMIC_NO_PIC = NO;
				GCC_OPTIMIZATION_LEVEL = 0;
				GCC_PREPROCESSOR_DEFINITIONS = (
					"DEBUG=1",
					"$(inherited)",
				);
				GCC_SYMBOLS_PRIVATE_EXTERN = NO;
				GCC_VERSION = com.apple.compilers.llvm.clang.1_0;
				GCC_WARN_ABOUT_MISSING_PROTOTYPES = YES;
				GCC_WARN_ABOUT_RETURN_TYPE = YES;
				GCC_WARN_UNUSED_VARIABLE = YES;
				IPHONEOS_DEPLOYMENT_TARGET = 3.0;
				SDKROOT = iphoneos;
			};
			name = Debug;
		};
		5669AAE015B61F9C009F17A0 /* Release */ = {
			isa = XCBuildConfiguration;
			buildSettings = {
				ALWAYS_SEARCH_USER_PATHS = NO;
				ARCHS = (
					armv6,
					"$(ARCHS_STANDARD_32_BIT)",
				);
				"CODE_SIGN_IDENTITY[sdk=iphoneos*]" = "iPhone Developer";
				COPY_PHASE_STRIP = YES;
				GCC_C_LANGUAGE_STANDARD = gnu99;
				GCC_VERSION = com.apple.compilers.llvm.clang.1_0;
				GCC_WARN_ABOUT_MISSING_PROTOTYPES = YES;
				GCC_WARN_ABOUT_RETURN_TYPE = YES;
				GCC_WARN_UNUSED_VARIABLE = YES;
				IPHONEOS_DEPLOYMENT_TARGET = 3.0;
				SDKROOT = iphoneos;
				VALIDATE_PRODUCT = YES;
			};
			name = Release;
		};
		5669AAE215B61F9C009F17A0 /* Debug */ = {
			isa = XCBuildConfiguration;
			buildSettings = {
				ALWAYS_SEARCH_USER_PATHS = YES;
				COPY_PHASE_STRIP = NO;
				FRAMEWORK_SEARCH_PATHS = /Users/Shared/Cordova/Frameworks;
				GCC_DYNAMIC_NO_PIC = NO;
				GCC_PRECOMPILE_PREFIX_HEADER = YES;
				GCC_PREFIX_HEADER = "news-headlines/news-headlines-Prefix.pch";
				GCC_PREPROCESSOR_DEFINITIONS = (
					"DEBUG=1,",
					"CORDOVA_FRAMEWORK=1",
				);
				INFOPLIST_FILE = "news-headlines/news-headlines-Info.plist";
				OTHER_LDFLAGS = (
					"-weak_framework",
					UIKit,
					"-weak_framework",
					AVFoundation,
					"-weak_framework",
					CoreMedia,
					"-weak-lSystem",
				);
				PRODUCT_NAME = "$(TARGET_NAME)";
				TARGETED_DEVICE_FAMILY = "1,2";
				WRAPPER_EXTENSION = app;
			};
			name = Debug;
		};
		5669AAE315B61F9C009F17A0 /* Release */ = {
			isa = XCBuildConfiguration;
			buildSettings = {
				ALWAYS_SEARCH_USER_PATHS = YES;
				COPY_PHASE_STRIP = YES;
				DEBUG_INFORMATION_FORMAT = "dwarf-with-dsym";
				FRAMEWORK_SEARCH_PATHS = /Users/Shared/Cordova/Frameworks;
				GCC_PRECOMPILE_PREFIX_HEADER = YES;
				GCC_PREFIX_HEADER = "news-headlines/news-headlines-Prefix.pch";
				GCC_PREPROCESSOR_DEFINITIONS = (
					"NDEBUG=1,",
					"CORDOVA_FRAMEWORK=1",
				);
				INFOPLIST_FILE = "news-headlines/news-headlines-Info.plist";
				OTHER_LDFLAGS = (
					"-weak_framework",
					UIKit,
					"-weak_framework",
					AVFoundation,
					"-weak_framework",
					CoreMedia,
					"-weak-lSystem",
				);
				PRODUCT_NAME = "$(TARGET_NAME)";
				TARGETED_DEVICE_FAMILY = "1,2";
				VALIDATE_PRODUCT = YES;
				WRAPPER_EXTENSION = app;
			};
			name = Release;
		};
/* End XCBuildConfiguration section */

/* Begin XCConfigurationList section */
		5669AA8015B61F9B009F17A0 /* Build configuration list for PBXProject "news-headlines" */ = {
			isa = XCConfigurationList;
			buildConfigurations = (
				5669AADF15B61F9C009F17A0 /* Debug */,
				5669AAE015B61F9C009F17A0 /* Release */,
			);
			defaultConfigurationIsVisible = 0;
			defaultConfigurationName = Release;
		};
		5669AAE115B61F9C009F17A0 /* Build configuration list for PBXNativeTarget "news-headlines" */ = {
			isa = XCConfigurationList;
			buildConfigurations = (
				5669AAE215B61F9C009F17A0 /* Debug */,
				5669AAE315B61F9C009F17A0 /* Release */,
			);
			defaultConfigurationIsVisible = 0;
			defaultConfigurationName = Release;
		};
/* End XCConfigurationList section */
	};
	rootObject = 5669AA7D15B61F9B009F17A0 /* Project object */;
}
